
Microsoft Visual Studio Solution File, Format Version 12.00
# Visual Studio Version 17
VisualStudioVersion = 17.10.35027.167
MinimumVisualStudioVersion = 10.0.40219.1
Project("{FAE04EC0-301F-11D3-BF4B-00C04F79EFBC}") = "LotteryGame", "LotteryGame\LotteryGame.csproj", "{C625FCC4-F5A4-4B62-AC5E-65881CF40F27}"
EndProject
Project("{FAE04EC0-301F-11D3-BF4B-00C04F79EFBC}") = "LotteryGame.Tests", "LotteryGame.Tests\LotteryGame.Tests.csproj", "{BFBF1448-4341-499D-B70A-4E97F4943709}"
EndProject
Global
	GlobalSection(SolutionConfigurationPlatforms) = preSolution
		Debug|Any CPU = Debug|Any CPU
		Release|Any CPU = Release|Any CPU
	EndGlobalSection
	GlobalSection(ProjectConfigurationPlatforms) = postSolution
		{C625FCC4-F5A4-4B62-AC5E-65881CF40F27}.Debug|Any CPU.ActiveCfg = Debug|Any CPU
		{C625FCC4-F5A4-4B62-AC5E-65881CF40F27}.Debug|Any CPU.Build.0 = Debug|Any CPU
		{C625FCC4-F5A4-4B62-AC5E-65881CF40F27}.Release|Any CPU.ActiveCfg = Release|Any CPU
		{C625FCC4-F5A4-4B62-AC5E-65881CF40F27}.Release|Any CPU.Build.0 = Release|Any CPU
		{BFBF1448-4341-499D-B70A-4E97F4943709}.Debug|Any CPU.ActiveCfg = Debug|Any CPU
		{BFBF1448-4341-499D-B70A-4E97F4943709}.Debug|Any CPU.Build.0 = Debug|Any CPU
		{BFBF1448-4341-499D-B70A-4E97F4943709}.Release|Any CPU.ActiveCfg = Release|Any CPU
		{BFBF1448-4341-499D-B70A-4E97F4943709}.Release|Any CPU.Build.0 = Release|Any CPU
	EndGlobalSection
	GlobalSection(SolutionProperties) = preSolution
		HideSolutionNode = FALSE
	EndGlobalSection
	GlobalSection(ExtensibilityGlobals) = postSolution
		SolutionGuid = {FD776C29-39AD-45E1-A0D6-35638302CDEC}
	EndGlobalSection
EndGlobal
